
Microsoft Visual Studio Solution File, Format Version 12.00
# Visual Studio Version 16
VisualStudioVersion = 16.0.31515.178
MinimumVisualStudioVersion = 10.0.40219.1
Project("{FAE04EC0-301F-11D3-BF4B-00C04F79EFBC}") = "Practico3", "Practico3.csproj", "{3839DD3E-484A-4006-ACA3-820A04030217}"
EndProject
Global
	GlobalSection(SolutionConfigurationPlatforms) = preSolution
		Debug|x86 = Debug|x86
		Release|x86 = Release|x86
	EndGlobalSection
	GlobalSection(ProjectConfigurationPlatforms) = postSolution
		{3839DD3E-484A-4006-ACA3-820A04030217}.Debug|x86.ActiveCfg = Debug|x86
		{3839DD3E-484A-4006-ACA3-820A04030217}.Debug|x86.Build.0 = Debug|x86
		{3839DD3E-484A-4006-ACA3-820A04030217}.Release|x86.ActiveCfg = Release|x86
		{3839DD3E-484A-4006-ACA3-820A04030217}.Release|x86.Build.0 = Release|x86
	EndGlobalSection
	GlobalSection(SolutionProperties) = preSolution
		HideSolutionNode = FALSE
	EndGlobalSection
	GlobalSection(ExtensibilityGlobals) = postSolution
		SolutionGuid = {958ECE47-C7FB-485B-986E-6C8B9EED841F}
	EndGlobalSection
EndGlobal
